{
  "name": "weather-backend",
  "version": "1.0.0",
  "lockfileVersion": 3,
  "requires": true,
  "packages": {
    "": {
      "name": "weather-backend",
      "version": "1.0.0",
      "dependencies": {
        "@hono/node-server": "^1.14.4",
        "hono": "^4.0.0"
      }
    },
    "node_modules/@hono/node-server": {
      "version": "1.14.4",
      "resolved": "https://registry.npmjs.org/@hono/node-server/-/node-server-1.14.4.tgz",
      "integrity": "sha512-DnxpshhYewr2q9ZN8ez/M5mmc3sucr8CT1sIgIy1bkeUXut9XWDkqHoFHRhWIQgkYnKpVRxunyhK7WzpJeJ6qQ==",
      "license": "MIT",
      "engines": {
        "node": ">=18.14.1"
      },
      "peerDependencies": {
        "hono": "^4"
      }
    },
    "node_modules/hono": {
      "version": "4.8.1",
      "resolved": "https://registry.npmjs.org/hono/-/hono-4.8.1.tgz",
      "integrity": "sha512-ErA2ifywnSmcnB5XDuFqGDfXJ9xuAJR2C/8cZAk6vDaOCzofB8eNlha/wZWIiamREzWk94S9Z7wHsnKQHn7Niw==",
      "license": "MIT",
      "engines": {
        "node": ">=16.9.0"
      }
    }
  }
}
